PODS:
  - Expecta (0.3.1)
  - NSURL+QueryDictionary (1.0.3)
  - OCHamcrest (3.0.1)
  - OCMock (2.2.4)
  - Specta (0.2.1)

DEPENDENCIES:
  - Expecta (~> 0.3.0)
  - NSURL+QueryDictionary (~> 1.0)
  - OCHamcrest (~> 3.0.1)
  - OCMock (~> 2.2.3)
  - Specta (~> 0.2.1)

SPEC CHECKSUMS:
  Expecta: 03aabd0a89d8dea843baecb19a7fd7466a69a31d
  NSURL+QueryDictionary: 1ad81be60c10e3f4d80c5c4beb7125de96aaec5e
  OCHamcrest: 207233b7d7a44dadd66aca398947cc7e029c9be5
  OCMock: 6db79185520e24f9f299548f2b8b07e41d881bd5
  Specta: 9141310f46b1f68b676650ff2854e1ed0b74163a

COCOAPODS: 0.33.1
